
Microsoft Visual Studio Solution File, Format Version 12.00
# Visual Studio 15
VisualStudioVersion = 15.0.27130.2036
MinimumVisualStudioVersion = 10.0.40219.1
Project("{FAE04EC0-301F-11D3-BF4B-00C04F79EFBC}") = "SurvivalExam", "SurvivalExam\SurvivalExam.csproj", "{185D9BFB-D8EA-496F-8440-D46886A97004}"
EndProject
Global
	GlobalSection(SolutionConfigurationPlatforms) = preSolution
		Debug|x86 = Debug|x86
		Release|x86 = Release|x86
	EndGlobalSection
	GlobalSection(ProjectConfigurationPlatforms) = postSolution
		{185D9BFB-D8EA-496F-8440-D46886A97004}.Debug|x86.ActiveCfg = Debug|x86
		{185D9BFB-D8EA-496F-8440-D46886A97004}.Debug|x86.Build.0 = Debug|x86
		{185D9BFB-D8EA-496F-8440-D46886A97004}.Release|x86.ActiveCfg = Release|x86
		{185D9BFB-D8EA-496F-8440-D46886A97004}.Release|x86.Build.0 = Release|x86
	EndGlobalSection
	GlobalSection(SolutionProperties) = preSolution
		HideSolutionNode = FALSE
	EndGlobalSection
	GlobalSection(ExtensibilityGlobals) = postSolution
		SolutionGuid = {0D9CA577-06AA-4CB6-82BE-1B1936E9CF4E}
	EndGlobalSection
EndGlobal
